
Microsoft Visual Studio Solution File, Format Version 12.00
# Visual Studio Version 17
VisualStudioVersion = 17.4.33205.214
MinimumVisualStudioVersion = 10.0.40219.1
Project("{FAE04EC0-301F-11D3-BF4B-00C04F79EFBC}") = "Projet MN41", "Projet MN41.csproj", "{C7FA637B-B3F7-4817-BF35-FD8120063D04}"
EndProject
Global
	GlobalSection(SolutionConfigurationPlatforms) = preSolution
		Debug|Any CPU = Debug|Any CPU
		Release|Any CPU = Release|Any CPU
	EndGlobalSection
	GlobalSection(ProjectConfigurationPlatforms) = postSolution
		{C7FA637B-B3F7-4817-BF35-FD8120063D04}.Debug|Any CPU.ActiveCfg = Debug|Any CPU
		{C7FA637B-B3F7-4817-BF35-FD8120063D04}.Debug|Any CPU.Build.0 = Debug|Any CPU
		{C7FA637B-B3F7-4817-BF35-FD8120063D04}.Release|Any CPU.ActiveCfg = Release|Any CPU
		{C7FA637B-B3F7-4817-BF35-FD8120063D04}.Release|Any CPU.Build.0 = Release|Any CPU
	EndGlobalSection
	GlobalSection(SolutionProperties) = preSolution
		HideSolutionNode = FALSE
	EndGlobalSection
	GlobalSection(ExtensibilityGlobals) = postSolution
		SolutionGuid = {1E860BE2-5BEE-453D-9133-46047AD72234}
	EndGlobalSection
EndGlobal
